
Microsoft Visual Studio Solution File, Format Version 12.00
# Visual Studio Version 16
VisualStudioVersion = 16.0.30804.86
MinimumVisualStudioVersion = 10.0.40219.1
Project("{FAE04EC0-301F-11D3-BF4B-00C04F79EFBC}") = "DDD_Template1.Infra.ExternalService.AirportList", "DDD_Template1.Infra.ExternalService.AirportList\DDD_Template1.Infra.ExternalService.AirportList.csproj", "{E2CA5075-4D21-461C-85FA-18C48DB3EC3E}"
EndProject
Project("{FAE04EC0-301F-11D3-BF4B-00C04F79EFBC}") = "DDD_Template1.UI.MVC", "DDD_Template1.UI.MVC\DDD_Template1.UI.MVC.csproj", "{6930CE41-FF5B-4D9F-BAF7-331940E8ACB1}"
EndProject
Project("{FAE04EC0-301F-11D3-BF4B-00C04F79EFBC}") = "DDD_Template1.Domain", "DDD_Template1.Domain\DDD_Template1.Domain.csproj", "{B558ABB6-FCEA-4E31-9B39-9726ADB6437C}"
EndProject
Project("{2150E333-8FDC-42A3-9474-1A3956D46DE8}") = "1. Presentation", "1. Presentation", "{ECDE48A5-962C-4DBD-A79E-8D1AFB01D423}"
EndProject
Project("{2150E333-8FDC-42A3-9474-1A3956D46DE8}") = "3. Application", "3. Application", "{F967EADD-150C-44BB-8366-B6AA33A31488}"
EndProject
Project("{2150E333-8FDC-42A3-9474-1A3956D46DE8}") = "4. Domain", "4. Domain", "{B17C645C-4A64-4368-ADC9-421032C2FE66}"
EndProject
Project("{2150E333-8FDC-42A3-9474-1A3956D46DE8}") = "5. Infra", "5. Infra", "{8C1276ED-E725-405C-BA58-56032B155E33}"
EndProject
Project("{FAE04EC0-301F-11D3-BF4B-00C04F79EFBC}") = "DDD_Template1.Infra.CrossCutting.IoC", "DDD_Template1.Infra.CrossCutting.IoC\DDD_Template1.Infra.CrossCutting.IoC.csproj", "{6FE0A465-79EE-4057-A785-083BA3ECF56E}"
EndProject
Project("{FAE04EC0-301F-11D3-BF4B-00C04F79EFBC}") = "DDD_Template1.Application", "DDD_Template1.Application\DDD_Template1.Application.csproj", "{01A932C7-4E1F-4405-94CB-560152D534AE}"
EndProject
Project("{2150E333-8FDC-42A3-9474-1A3956D46DE8}") = "Cross Cutting", "Cross Cutting", "{88210183-1285-4477-83B8-4CD3FF6F9C57}"
EndProject
Project("{2150E333-8FDC-42A3-9474-1A3956D46DE8}") = "External Services", "External Services", "{1E8508C6-9BF3-4D6F-BA15-5932EF952AF3}"
EndProject
Project("{FAE04EC0-301F-11D3-BF4B-00C04F79EFBC}") = "DDD_Template1.Infra.CrossCutting.Helpers", "DDD_Template1.Infra.CrossCutting.Helpers\DDD_Template1.Infra.CrossCutting.Helpers.csproj", "{D8D20CE9-67ED-4A8B-A9AF-C5E5CAEAAC91}"
EndProject
Project("{FAE04EC0-301F-11D3-BF4B-00C04F79EFBC}") = "DDD_Template1.UI.MVC.Test", "DDD_Template1.UI.MVC.Test\DDD_Template1.UI.MVC.Test.csproj", "{2E3DF5C2-8A38-4A03-86D7-8D463C917E47}"
EndProject
Project("{2150E333-8FDC-42A3-9474-1A3956D46DE8}") = "2. Distributed Services", "2. Distributed Services", "{59EAFE6E-F685-40D8-B197-675C2915AAD1}"
EndProject
Project("{FAE04EC0-301F-11D3-BF4B-00C04F79EFBC}") = "DDD_Template1.API", "DDD_Template1.API\DDD_Template1.API.csproj", "{EB9C07C6-32B8-4AD5-89E2-314A7596257A}"
EndProject
Project("{2150E333-8FDC-42A3-9474-1A3956D46DE8}") = "Data", "Data", "{77349EB1-709C-4CD3-962F-8F6AF1F4C0A7}"
EndProject
Project("{FAE04EC0-301F-11D3-BF4B-00C04F79EFBC}") = "DDD_Template1.Infra.Data", "DDD_Template1.Infra.Data\DDD_Template1.Infra.Data.csproj", "{6C4CB79F-95D7-4990-A63E-4F93510C1653}"
EndProject
Global
	GlobalSection(SolutionConfigurationPlatforms) = preSolution
		Debug|Any CPU = Debug|Any CPU
		Release|Any CPU = Release|Any CPU
	EndGlobalSection
	GlobalSection(ProjectConfigurationPlatforms) = postSolution
		{E2CA5075-4D21-461C-85FA-18C48DB3EC3E}.Debug|Any CPU.ActiveCfg = Debug|Any CPU
		{E2CA5075-4D21-461C-85FA-18C48DB3EC3E}.Debug|Any CPU.Build.0 = Debug|Any CPU
		{E2CA5075-4D21-461C-85FA-18C48DB3EC3E}.Release|Any CPU.ActiveCfg = Release|Any CPU
		{E2CA5075-4D21-461C-85FA-18C48DB3EC3E}.Release|Any CPU.Build.0 = Release|Any CPU
		{6930CE41-FF5B-4D9F-BAF7-331940E8ACB1}.Debug|Any CPU.ActiveCfg = Debug|Any CPU
		{6930CE41-FF5B-4D9F-BAF7-331940E8ACB1}.Debug|Any CPU.Build.0 = Debug|Any CPU
		{6930CE41-FF5B-4D9F-BAF7-331940E8ACB1}.Release|Any CPU.ActiveCfg = Release|Any CPU
		{6930CE41-FF5B-4D9F-BAF7-331940E8ACB1}.Release|Any CPU.Build.0 = Release|Any CPU
		{B558ABB6-FCEA-4E31-9B39-9726ADB6437C}.Debug|Any CPU.ActiveCfg = Debug|Any CPU
		{B558ABB6-FCEA-4E31-9B39-9726ADB6437C}.Debug|Any CPU.Build.0 = Debug|Any CPU
		{B558ABB6-FCEA-4E31-9B39-9726ADB6437C}.Release|Any CPU.ActiveCfg = Release|Any CPU
		{B558ABB6-FCEA-4E31-9B39-9726ADB6437C}.Release|Any CPU.Build.0 = Release|Any CPU
		{6FE0A465-79EE-4057-A785-083BA3ECF56E}.Debug|Any CPU.ActiveCfg = Debug|Any CPU
		{6FE0A465-79EE-4057-A785-083BA3ECF56E}.Debug|Any CPU.Build.0 = Debug|Any CPU
		{6FE0A465-79EE-4057-A785-083BA3ECF56E}.Release|Any CPU.ActiveCfg = Release|Any CPU
		{6FE0A465-79EE-4057-A785-083BA3ECF56E}.Release|Any CPU.Build.0 = Release|Any CPU
		{01A932C7-4E1F-4405-94CB-560152D534AE}.Debug|Any CPU.ActiveCfg = Debug|Any CPU
		{01A932C7-4E1F-4405-94CB-560152D534AE}.Debug|Any CPU.Build.0 = Debug|Any CPU
		{01A932C7-4E1F-4405-94CB-560152D534AE}.Release|Any CPU.ActiveCfg = Release|Any CPU
		{01A932C7-4E1F-4405-94CB-560152D534AE}.Release|Any CPU.Build.0 = Release|Any CPU
		{D8D20CE9-67ED-4A8B-A9AF-C5E5CAEAAC91}.Debug|Any CPU.ActiveCfg = Debug|Any CPU
		{D8D20CE9-67ED-4A8B-A9AF-C5E5CAEAAC91}.Debug|Any CPU.Build.0 = Debug|Any CPU
		{D8D20CE9-67ED-4A8B-A9AF-C5E5CAEAAC91}.Release|Any CPU.ActiveCfg = Release|Any CPU
		{D8D20CE9-67ED-4A8B-A9AF-C5E5CAEAAC91}.Release|Any CPU.Build.0 = Release|Any CPU
		{2E3DF5C2-8A38-4A03-86D7-8D463C917E47}.Debug|Any CPU.ActiveCfg = Debug|Any CPU
		{2E3DF5C2-8A38-4A03-86D7-8D463C917E47}.Debug|Any CPU.Build.0 = Debug|Any CPU
		{2E3DF5C2-8A38-4A03-86D7-8D463C917E47}.Release|Any CPU.ActiveCfg = Release|Any CPU
		{2E3DF5C2-8A38-4A03-86D7-8D463C917E47}.Release|Any CPU.Build.0 = Release|Any CPU
		{EB9C07C6-32B8-4AD5-89E2-314A7596257A}.Debug|Any CPU.ActiveCfg = Debug|Any CPU
		{EB9C07C6-32B8-4AD5-89E2-314A7596257A}.Debug|Any CPU.Build.0 = Debug|Any CPU
		{EB9C07C6-32B8-4AD5-89E2-314A7596257A}.Release|Any CPU.ActiveCfg = Release|Any CPU
		{EB9C07C6-32B8-4AD5-89E2-314A7596257A}.Release|Any CPU.Build.0 = Release|Any CPU
		{6C4CB79F-95D7-4990-A63E-4F93510C1653}.Debug|Any CPU.ActiveCfg = Debug|Any CPU
		{6C4CB79F-95D7-4990-A63E-4F93510C1653}.Debug|Any CPU.Build.0 = Debug|Any CPU
		{6C4CB79F-95D7-4990-A63E-4F93510C1653}.Release|Any CPU.ActiveCfg = Release|Any CPU
		{6C4CB79F-95D7-4990-A63E-4F93510C1653}.Release|Any CPU.Build.0 = Release|Any CPU
	EndGlobalSection
	GlobalSection(SolutionProperties) = preSolution
		HideSolutionNode = FALSE
	EndGlobalSection
	GlobalSection(NestedProjects) = preSolution
		{E2CA5075-4D21-461C-85FA-18C48DB3EC3E} = {1E8508C6-9BF3-4D6F-BA15-5932EF952AF3}
		{6930CE41-FF5B-4D9F-BAF7-331940E8ACB1} = {ECDE48A5-962C-4DBD-A79E-8D1AFB01D423}
		{B558ABB6-FCEA-4E31-9B39-9726ADB6437C} = {B17C645C-4A64-4368-ADC9-421032C2FE66}
		{6FE0A465-79EE-4057-A785-083BA3ECF56E} = {88210183-1285-4477-83B8-4CD3FF6F9C57}
		{01A932C7-4E1F-4405-94CB-560152D534AE} = {F967EADD-150C-44BB-8366-B6AA33A31488}
		{88210183-1285-4477-83B8-4CD3FF6F9C57} = {8C1276ED-E725-405C-BA58-56032B155E33}
		{1E8508C6-9BF3-4D6F-BA15-5932EF952AF3} = {8C1276ED-E725-405C-BA58-56032B155E33}
		{D8D20CE9-67ED-4A8B-A9AF-C5E5CAEAAC91} = {88210183-1285-4477-83B8-4CD3FF6F9C57}
		{2E3DF5C2-8A38-4A03-86D7-8D463C917E47} = {ECDE48A5-962C-4DBD-A79E-8D1AFB01D423}
		{EB9C07C6-32B8-4AD5-89E2-314A7596257A} = {59EAFE6E-F685-40D8-B197-675C2915AAD1}
		{77349EB1-709C-4CD3-962F-8F6AF1F4C0A7} = {8C1276ED-E725-405C-BA58-56032B155E33}
		{6C4CB79F-95D7-4990-A63E-4F93510C1653} = {77349EB1-709C-4CD3-962F-8F6AF1F4C0A7}
	EndGlobalSection
	GlobalSection(ExtensibilityGlobals) = postSolution
		SolutionGuid = {9D2A3B0B-F68C-4900-AE9D-0CDC6445270A}
	EndGlobalSection
EndGlobal
